
Microsoft Visual Studio Solution File, Format Version 12.00
# Visual Studio 15
VisualStudioVersion = 15.0.27703.2000
MinimumVisualStudioVersion = 10.0.40219.1
Project("{9A19103F-16F7-4668-BE54-9A1E7A4F7556}") = "PocketUniverse", "PocketUniverse.csproj", "{3FE194FF-5331-46A1-A89D-9176EFEC84CD}"
EndProject
Global
	GlobalSection(SolutionConfigurationPlatforms) = preSolution
		Debug|Any CPU = Debug|Any CPU
		Release|Any CPU = Release|Any CPU
	EndGlobalSection
	GlobalSection(ProjectConfigurationPlatforms) = postSolution
		{3FE194FF-5331-46A1-A89D-9176EFEC84CD}.Debug|Any CPU.ActiveCfg = Debug|Any CPU
		{3FE194FF-5331-46A1-A89D-9176EFEC84CD}.Debug|Any CPU.Build.0 = Debug|Any CPU
		{3FE194FF-5331-46A1-A89D-9176EFEC84CD}.Release|Any CPU.ActiveCfg = Release|Any CPU
		{3FE194FF-5331-46A1-A89D-9176EFEC84CD}.Release|Any CPU.Build.0 = Release|Any CPU
	EndGlobalSection
	GlobalSection(SolutionProperties) = preSolution
		HideSolutionNode = FALSE
	EndGlobalSection
	GlobalSection(ExtensibilityGlobals) = postSolution
		SolutionGuid = {398D9DF9-E77B-4DF0-9212-D25A0DC4695A}
	EndGlobalSection
EndGlobal
